lockfileVersion: '6.0'

settings:
  autoInstallPeers: true
  excludeLinksFromLockfile: false

dependencies:
  httpxy:
    specifier: ^0.1.5
    version: 0.1.5

packages:

  /httpxy@0.1.5:
    resolution: {integrity: sha512-hqLDO+rfststuyEUTWObQK6zHEEmZ/kaIP2/zclGGZn6X8h/ESTWg+WKecQ/e5k4nPswjzZD+q2VqZIbr15CoQ==}
    dev: false
